// !$*UTF8*$!
{
	archiveVersion = 1;
	classes = {
	};
	objectVersion = 48;
	objects = {

/* Begin PBXBuildFile section */
		A85EE3031FB602F4004B27D4 /* AppDelegate.swift in Sources */ = {isa = PBXBuildFile; fileRef = A85EE3021FB602F4004B27D4 /* AppDelegate.swift */; };
		A85EE3051FB602F4004B27D4 /* Assets.xcassets in Resources */ = {isa = PBXBuildFile; fileRef = A85EE3041FB602F4004B27D4 /* Assets.xcassets */; };
		A85EE3081FB602F4004B27D4 /* MainMenu.xib in Resources */ = {isa = PBXBuildFile; fileRef = A85EE3061FB602F4004B27D4 /* MainMenu.xib */; };
		A8DFB3FB1FB60513005A2558 /* AppCycle.swift in Sources */ = {isa = PBXBuildFile; fileRef = A8DFB3FA1FB60513005A2558 /* AppCycle.swift */; };
		A8DFB3FD1FB6052B005A2558 /* BackgroundRenderer.swift in Sources */ = {isa = PBXBuildFile; fileRef = A8DFB3FC1FB6052B005A2558 /* BackgroundRenderer.swift */; };
/* End PBXBuildFile section */

/* Begin PBXFileReference section */
		A85EE2FF1FB602F4004B27D4 /* kiss_1_3.app */ = {isa = PBXFileReference; explicitFileType = wrapper.application; includeInIndex = 0; path = kiss_1_3.app; sourceTree = BUILT_PRODUCTS_DIR; };
		A85EE3021FB602F4004B27D4 /* AppDelegate.swift */ = {isa = PBXFileReference; lastKnownFileType = sourcecode.swift; path = AppDelegate.swift; sourceTree = "<group>"; };
		A85EE3041FB602F4004B27D4 /* Assets.xcassets */ = {isa = PBXFileReference; lastKnownFileType = folder.assetcatalog; path = Assets.xcassets; sourceTree = "<group>"; };
		A85EE3071FB602F4004B27D4 /* Base */ = {isa = PBXFileReference; lastKnownFileType = file.xib; name = Base; path = Base.lproj/MainMenu.xib; sourceTree = "<group>"; };
		A85EE3091FB602F4004B27D4 /* Info.plist */ = {isa = PBXFileReference; lastKnownFileType = text.plist.xml; path = Info.plist; sourceTree = "<group>"; };
		A85EE30A1FB602F4004B27D4 /* kiss_1_3.entitlements */ = {isa = PBXFileReference; lastKnownFileType = text.plist.entitlements; path = kiss_1_3.entitlements; sourceTree = "<group>"; };
		A8DFB3FA1FB60513005A2558 /* AppCycle.swift */ = {isa = PBXFileReference; lastKnownFileType = sourcecode.swift; path = AppCycle.swift; sourceTree = "<group>"; };
		A8DFB3FC1FB6052B005A2558 /* BackgroundRenderer.swift */ = {isa = PBXFileReference; lastKnownFileType = sourcecode.swift; path = BackgroundRenderer.swift; sourceTree = "<group>"; };
/* End PBXFileReference section */

/* Begin PBXFrameworksBuildPhase section */
		A85EE2FC1FB602F4004B27D4 /* Frameworks */ = {
			isa = PBXFrameworksBuildPhase;
			buildActionMask = 2147483647;
			files = (
			);
			runOnlyForDeploymentPostprocessing = 0;
		};
/* End PBXFrameworksBuildPhase section */

/* Begin PBXGroup section */
		A85EE2F61FB602F4004B27D4 = {
			isa = PBXGroup;
			children = (
				A85EE3011FB602F4004B27D4 /* kiss_1_3 */,
				A85EE3001FB602F4004B27D4 /* Products */,
			);
			sourceTree = "<group>";
		};
		A85EE3001FB602F4004B27D4 /* Products */ = {
			isa = PBXGroup;
			children = (
				A85EE2FF1FB602F4004B27D4 /* kiss_1_3.app */,
			);
			name = Products;
			sourceTree = "<group>";
		};
		A85EE3011FB602F4004B27D4 /* kiss_1_3 */ = {
			isa = PBXGroup;
			children = (
				A85EE3021FB602F4004B27D4 /* AppDelegate.swift */,
				A85EE3041FB602F4004B27D4 /* Assets.xcassets */,
				A85EE3061FB602F4004B27D4 /* MainMenu.xib */,
				A85EE3091FB602F4004B27D4 /* Info.plist */,
				A85EE30A1FB602F4004B27D4 /* kiss_1_3.entitlements */,
				A8DFB3FA1FB60513005A2558 /* AppCycle.swift */,
				A8DFB3FC1FB6052B005A2558 /* BackgroundRenderer.swift */,
			);
			path = kiss_1_3;
			sourceTree = "<group>";
		};
/* End PBXGroup section */

/* Begin PBXNativeTarget section */
		A85EE2FE1FB602F4004B27D4 /* kiss_1_3 */ = {
			isa = PBXNativeTarget;
			buildConfigurationList = A85EE30D1FB602F4004B27D4 /* Build configuration list for PBXNativeTarget "kiss_1_3" */;
			buildPhases = (
				A85EE2FB1FB602F4004B27D4 /* Sources */,
				A85EE2FC1FB602F4004B27D4 /* Frameworks */,
				A85EE2FD1FB602F4004B27D4 /* Resources */,
			);
			buildRules = (
			);
			dependencies = (
			);
			name = kiss_1_3;
			productName = kiss_1_3;
			productReference = A85EE2FF1FB602F4004B27D4 /* kiss_1_3.app */;
			productType = "com.apple.product-type.application";
		};
/* End PBXNativeTarget section */

/* Begin PBXProject section */
		A85EE2F71FB602F4004B27D4 /* Project object */ = {
			isa = PBXProject;
			attributes = {
				LastSwiftUpdateCheck = 0910;
				LastUpgradeCheck = 0910;
				ORGANIZATIONNAME = "Stefan Keller";
				TargetAttributes = {
					A85EE2FE1FB602F4004B27D4 = {
						CreatedOnToolsVersion = 9.1;
						ProvisioningStyle = Automatic;
					};
				};
			};
			buildConfigurationList = A85EE2FA1FB602F4004B27D4 /* Build configuration list for PBXProject "kiss_1_3" */;
			compatibilityVersion = "Xcode 8.0";
			developmentRegion = en;
			hasScannedForEncodings = 0;
			knownRegions = (
				en,
				Base,
			);
			mainGroup = A85EE2F61FB602F4004B27D4;
			productRefGroup = A85EE3001FB602F4004B27D4 /* Products */;
			projectDirPath = "";
			projectRoot = "";
			targets = (
				A85EE2FE1FB602F4004B27D4 /* kiss_1_3 */,
			);
		};
/* End PBXProject section */

/* Begin PBXResourcesBuildPhase section */
		A85EE2FD1FB602F4004B27D4 /* Resources */ = {
			isa = PBXResourcesBuildPhase;
			buildActionMask = 2147483647;
			files = (
				A85EE3051FB602F4004B27D4 /* Assets.xcassets in Resources */,
				A85EE3081FB602F4004B27D4 /* MainMenu.xib in Resources */,
			);
			runOnlyForDeploymentPostprocessing = 0;
		};
/* End PBXResourcesBuildPhase section */

/* Begin PBXSourcesBuildPhase section */
		A85EE2FB1FB602F4004B27D4 /* Sources */ = {
			isa = PBXSourcesBuildPhase;
			buildActionMask = 2147483647;
			files = (
				A8DFB3FB1FB60513005A2558 /* AppCycle.swift in Sources */,
				A85EE3031FB602F4004B27D4 /* AppDelegate.swift in Sources */,
				A8DFB3FD1FB6052B005A2558 /* BackgroundRenderer.swift in Sources */,
			);
			runOnlyForDeploymentPostprocessing = 0;
		};
/* End PBXSourcesBuildPhase section */

/* Begin PBXVariantGroup section */
		A85EE3061FB602F4004B27D4 /* MainMenu.xib */ = {
			isa = PBXVariantGroup;
			children = (
				A85EE3071FB602F4004B27D4 /* Base */,
			);
			name = MainMenu.xib;
			sourceTree = "<group>";
		};
/* End PBXVariantGroup section */

/* Begin XCBuildConfiguration section */
		A85EE30B1FB602F4004B27D4 /* Debug */ = {
			isa = XCBuildConfiguration;
			buildSettings = {
				ALWAYS_SEARCH_USER_PATHS = NO;
				CLANG_ANALYZER_NONNULL = YES;
				CLANG_ANALYZER_NUMBER_OBJECT_CONVERSION = YES_AGGRESSIVE;
				CLANG_CXX_LANGUAGE_STANDARD = "gnu++14";
				CLANG_CXX_LIBRARY = "libc++";
				CLANG_ENABLE_MODULES = YES;
				CLANG_ENABLE_OBJC_ARC = YES;
				CLANG_WARN_BLOCK_CAPTURE_AUTORELEASING = YES;
				CLANG_WARN_BOOL_CONVERSION = YES;
				CLANG_WARN_COMMA = YES;
				CLANG_WARN_CONSTANT_CONVERSION = YES;
				CLANG_WARN_DIRECT_OBJC_ISA_USAGE = YES_ERROR;
				CLANG_WARN_DOCUMENTATION_COMMENTS = YES;
				CLANG_WARN_EMPTY_BODY = YES;
				CLANG_WARN_ENUM_CONVERSION = YES;
				CLANG_WARN_INFINITE_RECURSION = YES;
				CLANG_WARN_INT_CONVERSION = YES;
				CLANG_WARN_NON_LITERAL_NULL_CONVERSION = YES;
				CLANG_WARN_OBJC_LITERAL_CONVERSION = YES;
				CLANG_WARN_OBJC_ROOT_CLASS = YES_ERROR;
				CLANG_WARN_RANGE_LOOP_ANALYSIS = YES;
				CLANG_WARN_STRICT_PROTOTYPES = YES;
				CLANG_WARN_SUSPICIOUS_MOVE = YES;
				CLANG_WARN_UNGUARDED_AVAILABILITY = YES_AGGRESSIVE;
				CLANG_WARN_UNREACHABLE_CODE = YES;
				CLANG_WARN__DUPLICATE_METHOD_MATCH = YES;
				CODE_SIGN_IDENTITY = "Mac Developer";
				COPY_PHASE_STRIP = NO;
				DEBUG_INFORMATION_FORMAT = dwarf;
				ENABLE_STRICT_OBJC_MSGSEND = YES;
				ENABLE_TESTABILITY = YES;
				GCC_C_LANGUAGE_STANDARD = gnu11;
				GCC_DYNAMIC_NO_PIC = NO;
				GCC_NO_COMMON_BLOCKS = YES;
				GCC_OPTIMIZATION_LEVEL = 0;
				GCC_PREPROCESSOR_DEFINITIONS = (
					"DEBUG=1",
					"$(inherited)",
				);
				GCC_WARN_64_TO_32_BIT_CONVERSION = YES;
				GCC_WARN_ABOUT_RETURN_TYPE = YES_ERROR;
				GCC_WARN_UNDECLARED_SELECTOR = YES;
				GCC_WARN_UNINITIALIZED_AUTOS = YES_AGGRESSIVE;
				GCC_WARN_UNUSED_FUNCTION = YES;
				GCC_WARN_UNUSED_VARIABLE = YES;
				MACOSX_DEPLOYMENT_TARGET = 10.13;
				MTL_ENABLE_DEBUG_INFO = YES;
				ONLY_ACTIVE_ARCH = YES;
				SDKROOT = macosx;
				SWIFT_ACTIVE_COMPILATION_CONDITIONS = DEBUG;
				SWIFT_OPTIMIZATION_LEVEL = "-Onone";
			};
			name = Debug;
		};
		A85EE30C1FB602F4004B27D4 /* Release */ = {
			isa = XCBuildConfiguration;
			buildSettings = {
				ALWAYS_SEARCH_USER_PATHS = NO;
				CLANG_ANALYZER_NONNULL = YES;
				CLANG_ANALYZER_NUMBER_OBJECT_CONVERSION = YES_AGGRESSIVE;
				CLANG_CXX_LANGUAGE_STANDARD = "gnu++14";
				CLANG_CXX_LIBRARY = "libc++";
				CLANG_ENABLE_MODULES = YES;
				CLANG_ENABLE_OBJC_ARC = YES;
				CLANG_WARN_BLOCK_CAPTURE_AUTORELEASING = YES;
				CLANG_WARN_BOOL_CONVERSION = YES;
				CLANG_WARN_COMMA = YES;
				CLANG_WARN_CONSTANT_CONVERSION = YES;
				CLANG_WARN_DIRECT_OBJC_ISA_USAGE = YES_ERROR;
				CLANG_WARN_DOCUMENTATION_COMMENTS = YES;
				CLANG_WARN_EMPTY_BODY = YES;
				CLANG_WARN_ENUM_CONVERSION = YES;
				CLANG_WARN_INFINITE_RECURSION = YES;
				CLANG_WARN_INT_CONVERSION = YES;
				CLANG_WARN_NON_LITERAL_NULL_CONVERSION = YES;
				CLANG_WARN_OBJC_LITERAL_CONVERSION = YES;
				CLANG_WARN_OBJC_ROOT_CLASS = YES_ERROR;
				CLANG_WARN_RANGE_LOOP_ANALYSIS = YES;
				CLANG_WARN_STRICT_PROTOTYPES = YES;
				CLANG_WARN_SUSPICIOUS_MOVE = YES;
				CLANG_WARN_UNGUARDED_AVAILABILITY = YES_AGGRESSIVE;
				CLANG_WARN_UNREACHABLE_CODE = YES;
				CLANG_WARN__DUPLICATE_METHOD_MATCH = YES;
				CODE_SIGN_IDENTITY = "Mac Developer";
				COPY_PHASE_STRIP = NO;
				DEBUG_INFORMATION_FORMAT = "dwarf-with-dsym";
				ENABLE_NS_ASSERTIONS = NO;
				ENABLE_STRICT_OBJC_MSGSEND = YES;
				GCC_C_LANGUAGE_STANDARD = gnu11;
				GCC_NO_COMMON_BLOCKS = YES;
				GCC_WARN_64_TO_32_BIT_CONVERSION = YES;
				GCC_WARN_ABOUT_RETURN_TYPE = YES_ERROR;
				GCC_WARN_UNDECLARED_SELECTOR = YES;
				GCC_WARN_UNINITIALIZED_AUTOS = YES_AGGRESSIVE;
				GCC_WARN_UNUSED_FUNCTION = YES;
				GCC_WARN_UNUSED_VARIABLE = YES;
				MACOSX_DEPLOYMENT_TARGET = 10.13;
				MTL_ENABLE_DEBUG_INFO = NO;
				SDKROOT = macosx;
				SWIFT_OPTIMIZATION_LEVEL = "-Owholemodule";
			};
			name = Release;
		};
		A85EE30E1FB602F4004B27D4 /* Debug */ = {
			isa = XCBuildConfiguration;
			buildSettings = {
				ASSETCATALOG_COMPILER_APPICON_NAME = AppIcon;
				CODE_SIGN_ENTITLEMENTS = kiss_1_3/kiss_1_3.entitlements;
				CODE_SIGN_STYLE = Automatic;
				COMBINE_HIDPI_IMAGES = YES;
				DEVELOPMENT_TEAM = PD23CAQ8Z8;
				INFOPLIST_FILE = kiss_1_3/Info.plist;
				LD_RUNPATH_SEARCH_PATHS = "$(inherited) @executable_path/../Frameworks";
				PRODUCT_BUNDLE_IDENTIFIER = "de.kun.kiss-1-3";
				PRODUCT_NAME = "$(TARGET_NAME)";
				SWIFT_VERSION = 4.0;
			};
			name = Debug;
		};
		A85EE30F1FB602F4004B27D4 /* Release */ = {
			isa = XCBuildConfiguration;
			buildSettings = {
				ASSETCATALOG_COMPILER_APPICON_NAME = AppIcon;
				CODE_SIGN_ENTITLEMENTS = kiss_1_3/kiss_1_3.entitlements;
				CODE_SIGN_STYLE = Automatic;
				COMBINE_HIDPI_IMAGES = YES;
				DEVELOPMENT_TEAM = PD23CAQ8Z8;
				INFOPLIST_FILE = kiss_1_3/Info.plist;
				LD_RUNPATH_SEARCH_PATHS = "$(inherited) @executable_path/../Frameworks";
				PRODUCT_BUNDLE_IDENTIFIER = "de.kun.kiss-1-3";
				PRODUCT_NAME = "$(TARGET_NAME)";
				SWIFT_VERSION = 4.0;
			};
			name = Release;
		};
/* End XCBuildConfiguration section */

/* Begin XCConfigurationList section */
		A85EE2FA1FB602F4004B27D4 /* Build configuration list for PBXProject "kiss_1_3" */ = {
			isa = XCConfigurationList;
			buildConfigurations = (
				A85EE30B1FB602F4004B27D4 /* Debug */,
				A85EE30C1FB602F4004B27D4 /* Release */,
			);
			defaultConfigurationIsVisible = 0;
			defaultConfigurationName = Release;
		};
		A85EE30D1FB602F4004B27D4 /* Build configuration list for PBXNativeTarget "kiss_1_3" */ = {
			isa = XCConfigurationList;
			buildConfigurations = (
				A85EE30E1FB602F4004B27D4 /* Debug */,
				A85EE30F1FB602F4004B27D4 /* Release */,
			);
			defaultConfigurationIsVisible = 0;
			defaultConfigurationName = Release;
		};
/* End XCConfigurationList section */
	};
	rootObject = A85EE2F71FB602F4004B27D4 /* Project object */;
}
