// !$*UTF8*$!
{
	archiveVersion = 1;
	classes = {
	};
	objectVersion = 48;
	objects = {

/* Begin PBXBuildFile section */
		A813728B1FB6089E0076D5EF /* AppDelegate.swift in Sources */ = {isa = PBXBuildFile; fileRef = A813728A1FB6089E0076D5EF /* AppDelegate.swift */; };
		A813728D1FB6089E0076D5EF /* Assets.xcassets in Resources */ = {isa = PBXBuildFile; fileRef = A813728C1FB6089E0076D5EF /* Assets.xcassets */; };
		A81372901FB6089E0076D5EF /* MainMenu.xib in Resources */ = {isa = PBXBuildFile; fileRef = A813728E1FB6089E0076D5EF /* MainMenu.xib */; };
		A81372991FB608D20076D5EF /* AppCycle.swift in Sources */ = {isa = PBXBuildFile; fileRef = A81372981FB608D20076D5EF /* AppCycle.swift */; };
		A813729B1FB608E30076D5EF /* ShapeRenderer.swift in Sources */ = {isa = PBXBuildFile; fileRef = A813729A1FB608E30076D5EF /* ShapeRenderer.swift */; };
/* End PBXBuildFile section */

/* Begin PBXFileReference section */
		A81372871FB6089E0076D5EF /* kiss_2_2.app */ = {isa = PBXFileReference; explicitFileType = wrapper.application; includeInIndex = 0; path = kiss_2_2.app; sourceTree = BUILT_PRODUCTS_DIR; };
		A813728A1FB6089E0076D5EF /* AppDelegate.swift */ = {isa = PBXFileReference; lastKnownFileType = sourcecode.swift; path = AppDelegate.swift; sourceTree = "<group>"; };
		A813728C1FB6089E0076D5EF /* Assets.xcassets */ = {isa = PBXFileReference; lastKnownFileType = folder.assetcatalog; path = Assets.xcassets; sourceTree = "<group>"; };
		A813728F1FB6089E0076D5EF /* Base */ = {isa = PBXFileReference; lastKnownFileType = file.xib; name = Base; path = Base.lproj/MainMenu.xib; sourceTree = "<group>"; };
		A81372911FB6089E0076D5EF /* Info.plist */ = {isa = PBXFileReference; lastKnownFileType = text.plist.xml; path = Info.plist; sourceTree = "<group>"; };
		A81372921FB6089E0076D5EF /* kiss_2_2.entitlements */ = {isa = PBXFileReference; lastKnownFileType = text.plist.entitlements; path = kiss_2_2.entitlements; sourceTree = "<group>"; };
		A81372981FB608D20076D5EF /* AppCycle.swift */ = {isa = PBXFileReference; lastKnownFileType = sourcecode.swift; path = AppCycle.swift; sourceTree = "<group>"; };
		A813729A1FB608E30076D5EF /* ShapeRenderer.swift */ = {isa = PBXFileReference; lastKnownFileType = sourcecode.swift; path = ShapeRenderer.swift; sourceTree = "<group>"; };
/* End PBXFileReference section */

/* Begin PBXFrameworksBuildPhase section */
		A81372841FB6089E0076D5EF /* Frameworks */ = {
			isa = PBXFrameworksBuildPhase;
			buildActionMask = 2147483647;
			files = (
			);
			runOnlyForDeploymentPostprocessing = 0;
		};
/* End PBXFrameworksBuildPhase section */

/* Begin PBXGroup section */
		A813727E1FB6089E0076D5EF = {
			isa = PBXGroup;
			children = (
				A81372891FB6089E0076D5EF /* kiss_2_2 */,
				A81372881FB6089E0076D5EF /* Products */,
			);
			sourceTree = "<group>";
		};
		A81372881FB6089E0076D5EF /* Products */ = {
			isa = PBXGroup;
			children = (
				A81372871FB6089E0076D5EF /* kiss_2_2.app */,
			);
			name = Products;
			sourceTree = "<group>";
		};
		A81372891FB6089E0076D5EF /* kiss_2_2 */ = {
			isa = PBXGroup;
			children = (
				A813728A1FB6089E0076D5EF /* AppDelegate.swift */,
				A813728C1FB6089E0076D5EF /* Assets.xcassets */,
				A813728E1FB6089E0076D5EF /* MainMenu.xib */,
				A81372911FB6089E0076D5EF /* Info.plist */,
				A81372921FB6089E0076D5EF /* kiss_2_2.entitlements */,
				A81372981FB608D20076D5EF /* AppCycle.swift */,
				A813729A1FB608E30076D5EF /* ShapeRenderer.swift */,
			);
			path = kiss_2_2;
			sourceTree = "<group>";
		};
/* End PBXGroup section */

/* Begin PBXNativeTarget section */
		A81372861FB6089E0076D5EF /* kiss_2_2 */ = {
			isa = PBXNativeTarget;
			buildConfigurationList = A81372951FB6089E0076D5EF /* Build configuration list for PBXNativeTarget "kiss_2_2" */;
			buildPhases = (
				A81372831FB6089E0076D5EF /* Sources */,
				A81372841FB6089E0076D5EF /* Frameworks */,
				A81372851FB6089E0076D5EF /* Resources */,
			);
			buildRules = (
			);
			dependencies = (
			);
			name = kiss_2_2;
			productName = kiss_2_2;
			productReference = A81372871FB6089E0076D5EF /* kiss_2_2.app */;
			productType = "com.apple.product-type.application";
		};
/* End PBXNativeTarget section */

/* Begin PBXProject section */
		A813727F1FB6089E0076D5EF /* Project object */ = {
			isa = PBXProject;
			attributes = {
				LastSwiftUpdateCheck = 0910;
				LastUpgradeCheck = 0910;
				ORGANIZATIONNAME = "Stefan Keller";
				TargetAttributes = {
					A81372861FB6089E0076D5EF = {
						CreatedOnToolsVersion = 9.1;
						ProvisioningStyle = Automatic;
					};
				};
			};
			buildConfigurationList = A81372821FB6089E0076D5EF /* Build configuration list for PBXProject "kiss_2_2" */;
			compatibilityVersion = "Xcode 8.0";
			developmentRegion = en;
			hasScannedForEncodings = 0;
			knownRegions = (
				en,
				Base,
			);
			mainGroup = A813727E1FB6089E0076D5EF;
			productRefGroup = A81372881FB6089E0076D5EF /* Products */;
			projectDirPath = "";
			projectRoot = "";
			targets = (
				A81372861FB6089E0076D5EF /* kiss_2_2 */,
			);
		};
/* End PBXProject section */

/* Begin PBXResourcesBuildPhase section */
		A81372851FB6089E0076D5EF /* Resources */ = {
			isa = PBXResourcesBuildPhase;
			buildActionMask = 2147483647;
			files = (
				A813728D1FB6089E0076D5EF /* Assets.xcassets in Resources */,
				A81372901FB6089E0076D5EF /* MainMenu.xib in Resources */,
			);
			runOnlyForDeploymentPostprocessing = 0;
		};
/* End PBXResourcesBuildPhase section */

/* Begin PBXSourcesBuildPhase section */
		A81372831FB6089E0076D5EF /* Sources */ = {
			isa = PBXSourcesBuildPhase;
			buildActionMask = 2147483647;
			files = (
				A81372991FB608D20076D5EF /* AppCycle.swift in Sources */,
				A813729B1FB608E30076D5EF /* ShapeRenderer.swift in Sources */,
				A813728B1FB6089E0076D5EF /* AppDelegate.swift in Sources */,
			);
			runOnlyForDeploymentPostprocessing = 0;
		};
/* End PBXSourcesBuildPhase section */

/* Begin PBXVariantGroup section */
		A813728E1FB6089E0076D5EF /* MainMenu.xib */ = {
			isa = PBXVariantGroup;
			children = (
				A813728F1FB6089E0076D5EF /* Base */,
			);
			name = MainMenu.xib;
			sourceTree = "<group>";
		};
/* End PBXVariantGroup section */

/* Begin XCBuildConfiguration section */
		A81372931FB6089E0076D5EF /* Debug */ = {
			isa = XCBuildConfiguration;
			buildSettings = {
				ALWAYS_SEARCH_USER_PATHS = NO;
				CLANG_ANALYZER_NONNULL = YES;
				CLANG_ANALYZER_NUMBER_OBJECT_CONVERSION = YES_AGGRESSIVE;
				CLANG_CXX_LANGUAGE_STANDARD = "gnu++14";
				CLANG_CXX_LIBRARY = "libc++";
				CLANG_ENABLE_MODULES = YES;
				CLANG_ENABLE_OBJC_ARC = YES;
				CLANG_WARN_BLOCK_CAPTURE_AUTORELEASING = YES;
				CLANG_WARN_BOOL_CONVERSION = YES;
				CLANG_WARN_COMMA = YES;
				CLANG_WARN_CONSTANT_CONVERSION = YES;
				CLANG_WARN_DIRECT_OBJC_ISA_USAGE = YES_ERROR;
				CLANG_WARN_DOCUMENTATION_COMMENTS = YES;
				CLANG_WARN_EMPTY_BODY = YES;
				CLANG_WARN_ENUM_CONVERSION = YES;
				CLANG_WARN_INFINITE_RECURSION = YES;
				CLANG_WARN_INT_CONVERSION = YES;
				CLANG_WARN_NON_LITERAL_NULL_CONVERSION = YES;
				CLANG_WARN_OBJC_LITERAL_CONVERSION = YES;
				CLANG_WARN_OBJC_ROOT_CLASS = YES_ERROR;
				CLANG_WARN_RANGE_LOOP_ANALYSIS = YES;
				CLANG_WARN_STRICT_PROTOTYPES = YES;
				CLANG_WARN_SUSPICIOUS_MOVE = YES;
				CLANG_WARN_UNGUARDED_AVAILABILITY = YES_AGGRESSIVE;
				CLANG_WARN_UNREACHABLE_CODE = YES;
				CLANG_WARN__DUPLICATE_METHOD_MATCH = YES;
				CODE_SIGN_IDENTITY = "Mac Developer";
				COPY_PHASE_STRIP = NO;
				DEBUG_INFORMATION_FORMAT = dwarf;
				ENABLE_STRICT_OBJC_MSGSEND = YES;
				ENABLE_TESTABILITY = YES;
				GCC_C_LANGUAGE_STANDARD = gnu11;
				GCC_DYNAMIC_NO_PIC = NO;
				GCC_NO_COMMON_BLOCKS = YES;
				GCC_OPTIMIZATION_LEVEL = 0;
				GCC_PREPROCESSOR_DEFINITIONS = (
					"DEBUG=1",
					"$(inherited)",
				);
				GCC_WARN_64_TO_32_BIT_CONVERSION = YES;
				GCC_WARN_ABOUT_RETURN_TYPE = YES_ERROR;
				GCC_WARN_UNDECLARED_SELECTOR = YES;
				GCC_WARN_UNINITIALIZED_AUTOS = YES_AGGRESSIVE;
				GCC_WARN_UNUSED_FUNCTION = YES;
				GCC_WARN_UNUSED_VARIABLE = YES;
				MACOSX_DEPLOYMENT_TARGET = 10.13;
				MTL_ENABLE_DEBUG_INFO = YES;
				ONLY_ACTIVE_ARCH = YES;
				SDKROOT = macosx;
				SWIFT_ACTIVE_COMPILATION_CONDITIONS = DEBUG;
				SWIFT_OPTIMIZATION_LEVEL = "-Onone";
			};
			name = Debug;
		};
		A81372941FB6089E0076D5EF /* Release */ = {
			isa = XCBuildConfiguration;
			buildSettings = {
				ALWAYS_SEARCH_USER_PATHS = NO;
				CLANG_ANALYZER_NONNULL = YES;
				CLANG_ANALYZER_NUMBER_OBJECT_CONVERSION = YES_AGGRESSIVE;
				CLANG_CXX_LANGUAGE_STANDARD = "gnu++14";
				CLANG_CXX_LIBRARY = "libc++";
				CLANG_ENABLE_MODULES = YES;
				CLANG_ENABLE_OBJC_ARC = YES;
				CLANG_WARN_BLOCK_CAPTURE_AUTORELEASING = YES;
				CLANG_WARN_BOOL_CONVERSION = YES;
				CLANG_WARN_COMMA = YES;
				CLANG_WARN_CONSTANT_CONVERSION = YES;
				CLANG_WARN_DIRECT_OBJC_ISA_USAGE = YES_ERROR;
				CLANG_WARN_DOCUMENTATION_COMMENTS = YES;
				CLANG_WARN_EMPTY_BODY = YES;
				CLANG_WARN_ENUM_CONVERSION = YES;
				CLANG_WARN_INFINITE_RECURSION = YES;
				CLANG_WARN_INT_CONVERSION = YES;
				CLANG_WARN_NON_LITERAL_NULL_CONVERSION = YES;
				CLANG_WARN_OBJC_LITERAL_CONVERSION = YES;
				CLANG_WARN_OBJC_ROOT_CLASS = YES_ERROR;
				CLANG_WARN_RANGE_LOOP_ANALYSIS = YES;
				CLANG_WARN_STRICT_PROTOTYPES = YES;
				CLANG_WARN_SUSPICIOUS_MOVE = YES;
				CLANG_WARN_UNGUARDED_AVAILABILITY = YES_AGGRESSIVE;
				CLANG_WARN_UNREACHABLE_CODE = YES;
				CLANG_WARN__DUPLICATE_METHOD_MATCH = YES;
				CODE_SIGN_IDENTITY = "Mac Developer";
				COPY_PHASE_STRIP = NO;
				DEBUG_INFORMATION_FORMAT = "dwarf-with-dsym";
				ENABLE_NS_ASSERTIONS = NO;
				ENABLE_STRICT_OBJC_MSGSEND = YES;
				GCC_C_LANGUAGE_STANDARD = gnu11;
				GCC_NO_COMMON_BLOCKS = YES;
				GCC_WARN_64_TO_32_BIT_CONVERSION = YES;
				GCC_WARN_ABOUT_RETURN_TYPE = YES_ERROR;
				GCC_WARN_UNDECLARED_SELECTOR = YES;
				GCC_WARN_UNINITIALIZED_AUTOS = YES_AGGRESSIVE;
				GCC_WARN_UNUSED_FUNCTION = YES;
				GCC_WARN_UNUSED_VARIABLE = YES;
				MACOSX_DEPLOYMENT_TARGET = 10.13;
				MTL_ENABLE_DEBUG_INFO = NO;
				SDKROOT = macosx;
				SWIFT_OPTIMIZATION_LEVEL = "-Owholemodule";
			};
			name = Release;
		};
		A81372961FB6089E0076D5EF /* Debug */ = {
			isa = XCBuildConfiguration;
			buildSettings = {
				ASSETCATALOG_COMPILER_APPICON_NAME = AppIcon;
				CODE_SIGN_ENTITLEMENTS = kiss_2_2/kiss_2_2.entitlements;
				CODE_SIGN_STYLE = Automatic;
				COMBINE_HIDPI_IMAGES = YES;
				DEVELOPMENT_TEAM = PD23CAQ8Z8;
				INFOPLIST_FILE = kiss_2_2/Info.plist;
				LD_RUNPATH_SEARCH_PATHS = "$(inherited) @executable_path/../Frameworks";
				PRODUCT_BUNDLE_IDENTIFIER = "de.kun.kiss-2-2";
				PRODUCT_NAME = "$(TARGET_NAME)";
				SWIFT_VERSION = 4.0;
			};
			name = Debug;
		};
		A81372971FB6089E0076D5EF /* Release */ = {
			isa = XCBuildConfiguration;
			buildSettings = {
				ASSETCATALOG_COMPILER_APPICON_NAME = AppIcon;
				CODE_SIGN_ENTITLEMENTS = kiss_2_2/kiss_2_2.entitlements;
				CODE_SIGN_STYLE = Automatic;
				COMBINE_HIDPI_IMAGES = YES;
				DEVELOPMENT_TEAM = PD23CAQ8Z8;
				INFOPLIST_FILE = kiss_2_2/Info.plist;
				LD_RUNPATH_SEARCH_PATHS = "$(inherited) @executable_path/../Frameworks";
				PRODUCT_BUNDLE_IDENTIFIER = "de.kun.kiss-2-2";
				PRODUCT_NAME = "$(TARGET_NAME)";
				SWIFT_VERSION = 4.0;
			};
			name = Release;
		};
/* End XCBuildConfiguration section */

/* Begin XCConfigurationList section */
		A81372821FB6089E0076D5EF /* Build configuration list for PBXProject "kiss_2_2" */ = {
			isa = XCConfigurationList;
			buildConfigurations = (
				A81372931FB6089E0076D5EF /* Debug */,
				A81372941FB6089E0076D5EF /* Release */,
			);
			defaultConfigurationIsVisible = 0;
			defaultConfigurationName = Release;
		};
		A81372951FB6089E0076D5EF /* Build configuration list for PBXNativeTarget "kiss_2_2" */ = {
			isa = XCConfigurationList;
			buildConfigurations = (
				A81372961FB6089E0076D5EF /* Debug */,
				A81372971FB6089E0076D5EF /* Release */,
			);
			defaultConfigurationIsVisible = 0;
			defaultConfigurationName = Release;
		};
/* End XCConfigurationList section */
	};
	rootObject = A813727F1FB6089E0076D5EF /* Project object */;
}
