// !$*UTF8*$!
{
	archiveVersion = 1;
	classes = {
	};
	objectVersion = 48;
	objects = {

/* Begin PBXBuildFile section */
		A8C9D0E21FB607970077B5B5 /* AppCycle.swift in Sources */ = {isa = PBXBuildFile; fileRef = A8C9D0E11FB607970077B5B5 /* AppCycle.swift */; };
		A8C9D0E41FB607B30077B5B5 /* ShapeRenderer.swift in Sources */ = {isa = PBXBuildFile; fileRef = A8C9D0E31FB607B30077B5B5 /* ShapeRenderer.swift */; };
		A8DFB40B1FB606A1005A2558 /* AppDelegate.swift in Sources */ = {isa = PBXBuildFile; fileRef = A8DFB40A1FB606A1005A2558 /* AppDelegate.swift */; };
		A8DFB40D1FB606A1005A2558 /* Assets.xcassets in Resources */ = {isa = PBXBuildFile; fileRef = A8DFB40C1FB606A1005A2558 /* Assets.xcassets */; };
		A8DFB4101FB606A1005A2558 /* MainMenu.xib in Resources */ = {isa = PBXBuildFile; fileRef = A8DFB40E1FB606A1005A2558 /* MainMenu.xib */; };
/* End PBXBuildFile section */

/* Begin PBXFileReference section */
		A8C9D0E11FB607970077B5B5 /* AppCycle.swift */ = {isa = PBXFileReference; lastKnownFileType = sourcecode.swift; path = AppCycle.swift; sourceTree = "<group>"; };
		A8C9D0E31FB607B30077B5B5 /* ShapeRenderer.swift */ = {isa = PBXFileReference; lastKnownFileType = sourcecode.swift; path = ShapeRenderer.swift; sourceTree = "<group>"; };
		A8DFB4071FB606A1005A2558 /* kiss_2_1.app */ = {isa = PBXFileReference; explicitFileType = wrapper.application; includeInIndex = 0; path = kiss_2_1.app; sourceTree = BUILT_PRODUCTS_DIR; };
		A8DFB40A1FB606A1005A2558 /* AppDelegate.swift */ = {isa = PBXFileReference; lastKnownFileType = sourcecode.swift; path = AppDelegate.swift; sourceTree = "<group>"; };
		A8DFB40C1FB606A1005A2558 /* Assets.xcassets */ = {isa = PBXFileReference; lastKnownFileType = folder.assetcatalog; path = Assets.xcassets; sourceTree = "<group>"; };
		A8DFB40F1FB606A1005A2558 /* Base */ = {isa = PBXFileReference; lastKnownFileType = file.xib; name = Base; path = Base.lproj/MainMenu.xib; sourceTree = "<group>"; };
		A8DFB4111FB606A1005A2558 /* Info.plist */ = {isa = PBXFileReference; lastKnownFileType = text.plist.xml; path = Info.plist; sourceTree = "<group>"; };
		A8DFB4121FB606A1005A2558 /* kiss_2_1.entitlements */ = {isa = PBXFileReference; lastKnownFileType = text.plist.entitlements; path = kiss_2_1.entitlements; sourceTree = "<group>"; };
/* End PBXFileReference section */

/* Begin PBXFrameworksBuildPhase section */
		A8DFB4041FB606A1005A2558 /* Frameworks */ = {
			isa = PBXFrameworksBuildPhase;
			buildActionMask = 2147483647;
			files = (
			);
			runOnlyForDeploymentPostprocessing = 0;
		};
/* End PBXFrameworksBuildPhase section */

/* Begin PBXGroup section */
		A8DFB3FE1FB606A1005A2558 = {
			isa = PBXGroup;
			children = (
				A8DFB4091FB606A1005A2558 /* kiss_2_1 */,
				A8DFB4081FB606A1005A2558 /* Products */,
			);
			sourceTree = "<group>";
		};
		A8DFB4081FB606A1005A2558 /* Products */ = {
			isa = PBXGroup;
			children = (
				A8DFB4071FB606A1005A2558 /* kiss_2_1.app */,
			);
			name = Products;
			sourceTree = "<group>";
		};
		A8DFB4091FB606A1005A2558 /* kiss_2_1 */ = {
			isa = PBXGroup;
			children = (
				A8DFB40A1FB606A1005A2558 /* AppDelegate.swift */,
				A8DFB40C1FB606A1005A2558 /* Assets.xcassets */,
				A8DFB40E1FB606A1005A2558 /* MainMenu.xib */,
				A8DFB4111FB606A1005A2558 /* Info.plist */,
				A8DFB4121FB606A1005A2558 /* kiss_2_1.entitlements */,
				A8C9D0E11FB607970077B5B5 /* AppCycle.swift */,
				A8C9D0E31FB607B30077B5B5 /* ShapeRenderer.swift */,
			);
			path = kiss_2_1;
			sourceTree = "<group>";
		};
/* End PBXGroup section */

/* Begin PBXNativeTarget section */
		A8DFB4061FB606A1005A2558 /* kiss_2_1 */ = {
			isa = PBXNativeTarget;
			buildConfigurationList = A8DFB4151FB606A1005A2558 /* Build configuration list for PBXNativeTarget "kiss_2_1" */;
			buildPhases = (
				A8DFB4031FB606A1005A2558 /* Sources */,
				A8DFB4041FB606A1005A2558 /* Frameworks */,
				A8DFB4051FB606A1005A2558 /* Resources */,
			);
			buildRules = (
			);
			dependencies = (
			);
			name = kiss_2_1;
			productName = kiss_2_1;
			productReference = A8DFB4071FB606A1005A2558 /* kiss_2_1.app */;
			productType = "com.apple.product-type.application";
		};
/* End PBXNativeTarget section */

/* Begin PBXProject section */
		A8DFB3FF1FB606A1005A2558 /* Project object */ = {
			isa = PBXProject;
			attributes = {
				LastSwiftUpdateCheck = 0910;
				LastUpgradeCheck = 0910;
				ORGANIZATIONNAME = "Stefan Keller";
				TargetAttributes = {
					A8DFB4061FB606A1005A2558 = {
						CreatedOnToolsVersion = 9.1;
						ProvisioningStyle = Automatic;
					};
				};
			};
			buildConfigurationList = A8DFB4021FB606A1005A2558 /* Build configuration list for PBXProject "kiss_2_1" */;
			compatibilityVersion = "Xcode 8.0";
			developmentRegion = en;
			hasScannedForEncodings = 0;
			knownRegions = (
				en,
				Base,
			);
			mainGroup = A8DFB3FE1FB606A1005A2558;
			productRefGroup = A8DFB4081FB606A1005A2558 /* Products */;
			projectDirPath = "";
			projectRoot = "";
			targets = (
				A8DFB4061FB606A1005A2558 /* kiss_2_1 */,
			);
		};
/* End PBXProject section */

/* Begin PBXResourcesBuildPhase section */
		A8DFB4051FB606A1005A2558 /* Resources */ = {
			isa = PBXResourcesBuildPhase;
			buildActionMask = 2147483647;
			files = (
				A8DFB40D1FB606A1005A2558 /* Assets.xcassets in Resources */,
				A8DFB4101FB606A1005A2558 /* MainMenu.xib in Resources */,
			);
			runOnlyForDeploymentPostprocessing = 0;
		};
/* End PBXResourcesBuildPhase section */

/* Begin PBXSourcesBuildPhase section */
		A8DFB4031FB606A1005A2558 /* Sources */ = {
			isa = PBXSourcesBuildPhase;
			buildActionMask = 2147483647;
			files = (
				A8C9D0E21FB607970077B5B5 /* AppCycle.swift in Sources */,
				A8C9D0E41FB607B30077B5B5 /* ShapeRenderer.swift in Sources */,
				A8DFB40B1FB606A1005A2558 /* AppDelegate.swift in Sources */,
			);
			runOnlyForDeploymentPostprocessing = 0;
		};
/* End PBXSourcesBuildPhase section */

/* Begin PBXVariantGroup section */
		A8DFB40E1FB606A1005A2558 /* MainMenu.xib */ = {
			isa = PBXVariantGroup;
			children = (
				A8DFB40F1FB606A1005A2558 /* Base */,
			);
			name = MainMenu.xib;
			sourceTree = "<group>";
		};
/* End PBXVariantGroup section */

/* Begin XCBuildConfiguration section */
		A8DFB4131FB606A1005A2558 /* Debug */ = {
			isa = XCBuildConfiguration;
			buildSettings = {
				ALWAYS_SEARCH_USER_PATHS = NO;
				CLANG_ANALYZER_NONNULL = YES;
				CLANG_ANALYZER_NUMBER_OBJECT_CONVERSION = YES_AGGRESSIVE;
				CLANG_CXX_LANGUAGE_STANDARD = "gnu++14";
				CLANG_CXX_LIBRARY = "libc++";
				CLANG_ENABLE_MODULES = YES;
				CLANG_ENABLE_OBJC_ARC = YES;
				CLANG_WARN_BLOCK_CAPTURE_AUTORELEASING = YES;
				CLANG_WARN_BOOL_CONVERSION = YES;
				CLANG_WARN_COMMA = YES;
				CLANG_WARN_CONSTANT_CONVERSION = YES;
				CLANG_WARN_DIRECT_OBJC_ISA_USAGE = YES_ERROR;
				CLANG_WARN_DOCUMENTATION_COMMENTS = YES;
				CLANG_WARN_EMPTY_BODY = YES;
				CLANG_WARN_ENUM_CONVERSION = YES;
				CLANG_WARN_INFINITE_RECURSION = YES;
				CLANG_WARN_INT_CONVERSION = YES;
				CLANG_WARN_NON_LITERAL_NULL_CONVERSION = YES;
				CLANG_WARN_OBJC_LITERAL_CONVERSION = YES;
				CLANG_WARN_OBJC_ROOT_CLASS = YES_ERROR;
				CLANG_WARN_RANGE_LOOP_ANALYSIS = YES;
				CLANG_WARN_STRICT_PROTOTYPES = YES;
				CLANG_WARN_SUSPICIOUS_MOVE = YES;
				CLANG_WARN_UNGUARDED_AVAILABILITY = YES_AGGRESSIVE;
				CLANG_WARN_UNREACHABLE_CODE = YES;
				CLANG_WARN__DUPLICATE_METHOD_MATCH = YES;
				CODE_SIGN_IDENTITY = "Mac Developer";
				COPY_PHASE_STRIP = NO;
				DEBUG_INFORMATION_FORMAT = dwarf;
				ENABLE_STRICT_OBJC_MSGSEND = YES;
				ENABLE_TESTABILITY = YES;
				GCC_C_LANGUAGE_STANDARD = gnu11;
				GCC_DYNAMIC_NO_PIC = NO;
				GCC_NO_COMMON_BLOCKS = YES;
				GCC_OPTIMIZATION_LEVEL = 0;
				GCC_PREPROCESSOR_DEFINITIONS = (
					"DEBUG=1",
					"$(inherited)",
				);
				GCC_WARN_64_TO_32_BIT_CONVERSION = YES;
				GCC_WARN_ABOUT_RETURN_TYPE = YES_ERROR;
				GCC_WARN_UNDECLARED_SELECTOR = YES;
				GCC_WARN_UNINITIALIZED_AUTOS = YES_AGGRESSIVE;
				GCC_WARN_UNUSED_FUNCTION = YES;
				GCC_WARN_UNUSED_VARIABLE = YES;
				MACOSX_DEPLOYMENT_TARGET = 10.13;
				MTL_ENABLE_DEBUG_INFO = YES;
				ONLY_ACTIVE_ARCH = YES;
				SDKROOT = macosx;
				SWIFT_ACTIVE_COMPILATION_CONDITIONS = DEBUG;
				SWIFT_OPTIMIZATION_LEVEL = "-Onone";
			};
			name = Debug;
		};
		A8DFB4141FB606A1005A2558 /* Release */ = {
			isa = XCBuildConfiguration;
			buildSettings = {
				ALWAYS_SEARCH_USER_PATHS = NO;
				CLANG_ANALYZER_NONNULL = YES;
				CLANG_ANALYZER_NUMBER_OBJECT_CONVERSION = YES_AGGRESSIVE;
				CLANG_CXX_LANGUAGE_STANDARD = "gnu++14";
				CLANG_CXX_LIBRARY = "libc++";
				CLANG_ENABLE_MODULES = YES;
				CLANG_ENABLE_OBJC_ARC = YES;
				CLANG_WARN_BLOCK_CAPTURE_AUTORELEASING = YES;
				CLANG_WARN_BOOL_CONVERSION = YES;
				CLANG_WARN_COMMA = YES;
				CLANG_WARN_CONSTANT_CONVERSION = YES;
				CLANG_WARN_DIRECT_OBJC_ISA_USAGE = YES_ERROR;
				CLANG_WARN_DOCUMENTATION_COMMENTS = YES;
				CLANG_WARN_EMPTY_BODY = YES;
				CLANG_WARN_ENUM_CONVERSION = YES;
				CLANG_WARN_INFINITE_RECURSION = YES;
				CLANG_WARN_INT_CONVERSION = YES;
				CLANG_WARN_NON_LITERAL_NULL_CONVERSION = YES;
				CLANG_WARN_OBJC_LITERAL_CONVERSION = YES;
				CLANG_WARN_OBJC_ROOT_CLASS = YES_ERROR;
				CLANG_WARN_RANGE_LOOP_ANALYSIS = YES;
				CLANG_WARN_STRICT_PROTOTYPES = YES;
				CLANG_WARN_SUSPICIOUS_MOVE = YES;
				CLANG_WARN_UNGUARDED_AVAILABILITY = YES_AGGRESSIVE;
				CLANG_WARN_UNREACHABLE_CODE = YES;
				CLANG_WARN__DUPLICATE_METHOD_MATCH = YES;
				CODE_SIGN_IDENTITY = "Mac Developer";
				COPY_PHASE_STRIP = NO;
				DEBUG_INFORMATION_FORMAT = "dwarf-with-dsym";
				ENABLE_NS_ASSERTIONS = NO;
				ENABLE_STRICT_OBJC_MSGSEND = YES;
				GCC_C_LANGUAGE_STANDARD = gnu11;
				GCC_NO_COMMON_BLOCKS = YES;
				GCC_WARN_64_TO_32_BIT_CONVERSION = YES;
				GCC_WARN_ABOUT_RETURN_TYPE = YES_ERROR;
				GCC_WARN_UNDECLARED_SELECTOR = YES;
				GCC_WARN_UNINITIALIZED_AUTOS = YES_AGGRESSIVE;
				GCC_WARN_UNUSED_FUNCTION = YES;
				GCC_WARN_UNUSED_VARIABLE = YES;
				MACOSX_DEPLOYMENT_TARGET = 10.13;
				MTL_ENABLE_DEBUG_INFO = NO;
				SDKROOT = macosx;
				SWIFT_OPTIMIZATION_LEVEL = "-Owholemodule";
			};
			name = Release;
		};
		A8DFB4161FB606A1005A2558 /* Debug */ = {
			isa = XCBuildConfiguration;
			buildSettings = {
				ASSETCATALOG_COMPILER_APPICON_NAME = AppIcon;
				CODE_SIGN_ENTITLEMENTS = kiss_2_1/kiss_2_1.entitlements;
				CODE_SIGN_STYLE = Automatic;
				COMBINE_HIDPI_IMAGES = YES;
				DEVELOPMENT_TEAM = PD23CAQ8Z8;
				INFOPLIST_FILE = kiss_2_1/Info.plist;
				LD_RUNPATH_SEARCH_PATHS = "$(inherited) @executable_path/../Frameworks";
				PRODUCT_BUNDLE_IDENTIFIER = "de.kun.kiss-2-1";
				PRODUCT_NAME = "$(TARGET_NAME)";
				SWIFT_VERSION = 4.0;
			};
			name = Debug;
		};
		A8DFB4171FB606A1005A2558 /* Release */ = {
			isa = XCBuildConfiguration;
			buildSettings = {
				ASSETCATALOG_COMPILER_APPICON_NAME = AppIcon;
				CODE_SIGN_ENTITLEMENTS = kiss_2_1/kiss_2_1.entitlements;
				CODE_SIGN_STYLE = Automatic;
				COMBINE_HIDPI_IMAGES = YES;
				DEVELOPMENT_TEAM = PD23CAQ8Z8;
				INFOPLIST_FILE = kiss_2_1/Info.plist;
				LD_RUNPATH_SEARCH_PATHS = "$(inherited) @executable_path/../Frameworks";
				PRODUCT_BUNDLE_IDENTIFIER = "de.kun.kiss-2-1";
				PRODUCT_NAME = "$(TARGET_NAME)";
				SWIFT_VERSION = 4.0;
			};
			name = Release;
		};
/* End XCBuildConfiguration section */

/* Begin XCConfigurationList section */
		A8DFB4021FB606A1005A2558 /* Build configuration list for PBXProject "kiss_2_1" */ = {
			isa = XCConfigurationList;
			buildConfigurations = (
				A8DFB4131FB606A1005A2558 /* Debug */,
				A8DFB4141FB606A1005A2558 /* Release */,
			);
			defaultConfigurationIsVisible = 0;
			defaultConfigurationName = Release;
		};
		A8DFB4151FB606A1005A2558 /* Build configuration list for PBXNativeTarget "kiss_2_1" */ = {
			isa = XCConfigurationList;
			buildConfigurations = (
				A8DFB4161FB606A1005A2558 /* Debug */,
				A8DFB4171FB606A1005A2558 /* Release */,
			);
			defaultConfigurationIsVisible = 0;
			defaultConfigurationName = Release;
		};
/* End XCConfigurationList section */
	};
	rootObject = A8DFB3FF1FB606A1005A2558 /* Project object */;
}
